
Microsoft Visual Studio Solution File, Format Version 12.00
# Visual Studio Version 16
VisualStudioVersion = 16.0.29509.3
MinimumVisualStudioVersion = 10.0.40219.1
Project("{FAE04EC0-301F-11D3-BF4B-00C04F79EFBC}") = "TimeTimePeriod", "TimeTimePeriod\TimeTimePeriod.csproj", "{FA05E7C5-A59F-4AE1-8025-AC5114EE8B2E}"
EndProject
Project("{FAE04EC0-301F-11D3-BF4B-00C04F79EFBC}") = "App", "App\App.csproj", "{43E73A50-13D3-4988-B3E2-38BDB9BB6662}"
EndProject
Project("{FAE04EC0-301F-11D3-BF4B-00C04F79EFBC}") = "TimeTimePeriodTest", "TimeTimePeriodTest\TimeTimePeriodTest.csproj", "{23C00741-C82E-409E-BDE5-2294464A4ABE}"
EndProject
Global
	GlobalSection(SolutionConfigurationPlatforms) = preSolution
		Debug|Any CPU = Debug|Any CPU
		Release|Any CPU = Release|Any CPU
	EndGlobalSection
	GlobalSection(ProjectConfigurationPlatforms) = postSolution
		{FA05E7C5-A59F-4AE1-8025-AC5114EE8B2E}.Debug|Any CPU.ActiveCfg = Debug|Any CPU
		{FA05E7C5-A59F-4AE1-8025-AC5114EE8B2E}.Debug|Any CPU.Build.0 = Debug|Any CPU
		{FA05E7C5-A59F-4AE1-8025-AC5114EE8B2E}.Release|Any CPU.ActiveCfg = Release|Any CPU
		{FA05E7C5-A59F-4AE1-8025-AC5114EE8B2E}.Release|Any CPU.Build.0 = Release|Any CPU
		{43E73A50-13D3-4988-B3E2-38BDB9BB6662}.Debug|Any CPU.ActiveCfg = Debug|Any CPU
		{43E73A50-13D3-4988-B3E2-38BDB9BB6662}.Debug|Any CPU.Build.0 = Debug|Any CPU
		{43E73A50-13D3-4988-B3E2-38BDB9BB6662}.Release|Any CPU.ActiveCfg = Release|Any CPU
		{43E73A50-13D3-4988-B3E2-38BDB9BB6662}.Release|Any CPU.Build.0 = Release|Any CPU
		{23C00741-C82E-409E-BDE5-2294464A4ABE}.Debug|Any CPU.ActiveCfg = Debug|Any CPU
		{23C00741-C82E-409E-BDE5-2294464A4ABE}.Debug|Any CPU.Build.0 = Debug|Any CPU
		{23C00741-C82E-409E-BDE5-2294464A4ABE}.Release|Any CPU.ActiveCfg = Release|Any CPU
		{23C00741-C82E-409E-BDE5-2294464A4ABE}.Release|Any CPU.Build.0 = Release|Any CPU
	EndGlobalSection
	GlobalSection(SolutionProperties) = preSolution
		HideSolutionNode = FALSE
	EndGlobalSection
	GlobalSection(ExtensibilityGlobals) = postSolution
		SolutionGuid = {7D8BF578-5B38-4F62-B06E-92F7CB264032}
	EndGlobalSection
EndGlobal
